
Microsoft Visual Studio Solution File, Format Version 12.00
# Visual Studio Version 17
VisualStudioVersion = 17.3.32922.545
MinimumVisualStudioVersion = 10.0.40219.1
Project("{FAE04EC0-301F-11D3-BF4B-00C04F79EFBC}") = "Mododger", "Mododger\Mododger.csproj", "{1CFD5591-428B-45D9-9345-A209B6ECD97B}"
EndProject
Global
	GlobalSection(SolutionConfigurationPlatforms) = preSolution
		Debug|Any CPU = Debug|Any CPU
		Release|Any CPU = Release|Any CPU
	EndGlobalSection
	GlobalSection(ProjectConfigurationPlatforms) = postSolution
		{1CFD5591-428B-45D9-9345-A209B6ECD97B}.Debug|Any CPU.ActiveCfg = Debug|Any CPU
		{1CFD5591-428B-45D9-9345-A209B6ECD97B}.Debug|Any CPU.Build.0 = Debug|Any CPU
		{1CFD5591-428B-45D9-9345-A209B6ECD97B}.Release|Any CPU.ActiveCfg = Release|Any CPU
		{1CFD5591-428B-45D9-9345-A209B6ECD97B}.Release|Any CPU.Build.0 = Release|Any CPU
	EndGlobalSection
	GlobalSection(SolutionProperties) = preSolution
		HideSolutionNode = FALSE
	EndGlobalSection
	GlobalSection(ExtensibilityGlobals) = postSolution
		SolutionGuid = {4AE2D3D9-AD51-4F2B-ACC8-E6483E732353}
	EndGlobalSection
EndGlobal
